
Microsoft Visual Studio Solution File, Format Version 12.00
# Visual Studio Version 16
VisualStudioVersion = 16.0.30320.27
MinimumVisualStudioVersion = 10.0.40219.1
Project("{FAE04EC0-301F-11D3-BF4B-00C04F79EFBC}") = "Znalytics.Group5.Airline.DataAccessLayer", "Znalytics.Group5.DataAccessLayer\Znalytics.Group5.Airline.DataAccessLayer.csproj", "{2C7065C8-5006-4686-B3F2-A7C9F81C500E}"
EndProject
Project("{FAE04EC0-301F-11D3-BF4B-00C04F79EFBC}") = "Znalytics.Group5.Airline.BusinessLogicLayer", "Znalytic.Group5.BussinessLayer\Znalytics.Group5.Airline.BusinessLogicLayer.csproj", "{A8C7658B-260D-40B9-B365-99FCB194D296}"
EndProject
Project("{FAE04EC0-301F-11D3-BF4B-00C04F79EFBC}") = "Znalytics.Group5.Airline.Entities", "Znalytics.Group5.Entities\Znalytics.Group5.Airline.Entities.csproj", "{B5D2CF2F-DE1D-4DAA-8B85-9ED0AF6B53CF}"
EndProject
Project("{FAE04EC0-301F-11D3-BF4B-00C04F79EFBC}") = "Znalytics.Group5.Airline.PresentationLayer", "Znalytics.Group5.Airline\Znalytics.Group5.Airline.PresentationLayer.csproj", "{E252EFCE-8DCF-4421-A748-1E0AF1D8D850}"
EndProject
Global
	GlobalSection(SolutionConfigurationPlatforms) = preSolution
		Debug|Any CPU = Debug|Any CPU
		Release|Any CPU = Release|Any CPU
	EndGlobalSection
	GlobalSection(ProjectConfigurationPlatforms) = postSolution
		{2C7065C8-5006-4686-B3F2-A7C9F81C500E}.Debug|Any CPU.ActiveCfg = Debug|Any CPU
		{2C7065C8-5006-4686-B3F2-A7C9F81C500E}.Debug|Any CPU.Build.0 = Debug|Any CPU
		{2C7065C8-5006-4686-B3F2-A7C9F81C500E}.Release|Any CPU.ActiveCfg = Release|Any CPU
		{2C7065C8-5006-4686-B3F2-A7C9F81C500E}.Release|Any CPU.Build.0 = Release|Any CPU
		{A8C7658B-260D-40B9-B365-99FCB194D296}.Debug|Any CPU.ActiveCfg = Debug|Any CPU
		{A8C7658B-260D-40B9-B365-99FCB194D296}.Debug|Any CPU.Build.0 = Debug|Any CPU
		{A8C7658B-260D-40B9-B365-99FCB194D296}.Release|Any CPU.ActiveCfg = Release|Any CPU
		{A8C7658B-260D-40B9-B365-99FCB194D296}.Release|Any CPU.Build.0 = Release|Any CPU
		{B5D2CF2F-DE1D-4DAA-8B85-9ED0AF6B53CF}.Debug|Any CPU.ActiveCfg = Debug|Any CPU
		{B5D2CF2F-DE1D-4DAA-8B85-9ED0AF6B53CF}.Debug|Any CPU.Build.0 = Debug|Any CPU
		{B5D2CF2F-DE1D-4DAA-8B85-9ED0AF6B53CF}.Release|Any CPU.ActiveCfg = Release|Any CPU
		{B5D2CF2F-DE1D-4DAA-8B85-9ED0AF6B53CF}.Release|Any CPU.Build.0 = Release|Any CPU
		{E252EFCE-8DCF-4421-A748-1E0AF1D8D850}.Debug|Any CPU.ActiveCfg = Debug|Any CPU
		{E252EFCE-8DCF-4421-A748-1E0AF1D8D850}.Debug|Any CPU.Build.0 = Debug|Any CPU
		{E252EFCE-8DCF-4421-A748-1E0AF1D8D850}.Release|Any CPU.ActiveCfg = Release|Any CPU
		{E252EFCE-8DCF-4421-A748-1E0AF1D8D850}.Release|Any CPU.Build.0 = Release|Any CPU
	EndGlobalSection
	GlobalSection(SolutionProperties) = preSolution
		HideSolutionNode = FALSE
	EndGlobalSection
	GlobalSection(ExtensibilityGlobals) = postSolution
		SolutionGuid = {0B453ED2-55E8-46C3-A801-44F6A735D461}
	EndGlobalSection
EndGlobal
